
Microsoft Visual Studio Solution File, Format Version 12.00
# Visual Studio 2013
VisualStudioVersion = 12.0.31101.0
MinimumVisualStudioVersion = 10.0.40219.1
Project("{FAE04EC0-301F-11D3-BF4B-00C04F79EFBC}") = "01. SumOf3Numbers", "SumOf3Numbers\01. SumOf3Numbers.csproj", "{666C3B6C-19F0-4E1F-A943-1C238D9B2DA2}"
EndProject
Project("{FAE04EC0-301F-11D3-BF4B-00C04F79EFBC}") = "02. PrintCompanyInformation", "PrintCompanyInformation\02. PrintCompanyInformation.csproj", "{217D3771-F7E0-4171-A939-8CE3EA94BA98}"
EndProject
Project("{FAE04EC0-301F-11D3-BF4B-00C04F79EFBC}") = "03. CirclePerimeterAndArea", "CirclePerimeterAndArea\03. CirclePerimeterAndArea.csproj", "{62C27DA0-7463-46A6-BE35-B8FB1059F29A}"
EndProject
Project("{FAE04EC0-301F-11D3-BF4B-00C04F79EFBC}") = "04. NumberComparer", "NumberComparer\04. NumberComparer.csproj", "{C0EC9C50-89D6-47F4-81BB-4A2B32C37C70}"
EndProject
Project("{FAE04EC0-301F-11D3-BF4B-00C04F79EFBC}") = "05. FormattingNumbers", "FormattingNumbers\05. FormattingNumbers.csproj", "{9A517CBD-AFCE-4BB8-879F-D7F8277A5B46}"
EndProject
Project("{FAE04EC0-301F-11D3-BF4B-00C04F79EFBC}") = "06. QuadraticEquation", "QuadraticEquation\06. QuadraticEquation.csproj", "{1A93744E-7193-45F4-9364-D708CDBAFF90}"
EndProject
Project("{FAE04EC0-301F-11D3-BF4B-00C04F79EFBC}") = "07. SumOf5Numbers", "SumOf5Numbers\07. SumOf5Numbers.csproj", "{83633FAC-4797-408E-8943-54811B90975E}"
EndProject
Project("{FAE04EC0-301F-11D3-BF4B-00C04F79EFBC}") = "08. NumbersFrom1ToN", "NumbersFrom1ToN\08. NumbersFrom1ToN.csproj", "{85A1B9FD-8B41-4E50-9CA2-4D1F074FFCFC}"
EndProject
Project("{FAE04EC0-301F-11D3-BF4B-00C04F79EFBC}") = "09. SumOfNNumbers", "SumOfNNumbers\09. SumOfNNumbers.csproj", "{701668BE-D754-45C9-ACE6-D07B038DBCCD}"
EndProject
Project("{FAE04EC0-301F-11D3-BF4B-00C04F79EFBC}") = "10. FibonacciNumbers", "FibonacciNumbers\10. FibonacciNumbers.csproj", "{CC81DCB7-342D-4D4F-B208-ADF95B19AABB}"
EndProject
Project("{FAE04EC0-301F-11D3-BF4B-00C04F79EFBC}") = "11. NumbersInIntervalDividableByGivenNumber", "NumbersInIntervalDividableByGivenNumber\11. NumbersInIntervalDividableByGivenNumber.csproj", "{1373824B-1013-4155-8322-745D8A142B4D}"
EndProject
Global
	GlobalSection(SolutionConfigurationPlatforms) = preSolution
		Debug|Any CPU = Debug|Any CPU
		Debug|ARM = Debug|ARM
		Debug|x64 = Debug|x64
		Debug|x86 = Debug|x86
		Release|Any CPU = Release|Any CPU
		Release|ARM = Release|ARM
		Release|x64 = Release|x64
		Release|x86 = Release|x86
	EndGlobalSection
	GlobalSection(ProjectConfigurationPlatforms) = postSolution
		{666C3B6C-19F0-4E1F-A943-1C238D9B2DA2}.Debug|Any CPU.ActiveCfg = Debug|Any CPU
		{666C3B6C-19F0-4E1F-A943-1C238D9B2DA2}.Debug|Any CPU.Build.0 = Debug|Any CPU
		{666C3B6C-19F0-4E1F-A943-1C238D9B2DA2}.Debug|ARM.ActiveCfg = Debug|Any CPU
		{666C3B6C-19F0-4E1F-A943-1C238D9B2DA2}.Debug|x64.ActiveCfg = Debug|Any CPU
		{666C3B6C-19F0-4E1F-A943-1C238D9B2DA2}.Debug|x86.ActiveCfg = Debug|Any CPU
		{666C3B6C-19F0-4E1F-A943-1C238D9B2DA2}.Release|Any CPU.ActiveCfg = Release|Any CPU
		{666C3B6C-19F0-4E1F-A943-1C238D9B2DA2}.Release|Any CPU.Build.0 = Release|Any CPU
		{666C3B6C-19F0-4E1F-A943-1C238D9B2DA2}.Release|ARM.ActiveCfg = Release|Any CPU
		{666C3B6C-19F0-4E1F-A943-1C238D9B2DA2}.Release|x64.ActiveCfg = Release|Any CPU
		{666C3B6C-19F0-4E1F-A943-1C238D9B2DA2}.Release|x86.ActiveCfg = Release|Any CPU
		{217D3771-F7E0-4171-A939-8CE3EA94BA98}.Debug|Any CPU.ActiveCfg = Debug|Any CPU
		{217D3771-F7E0-4171-A939-8CE3EA94BA98}.Debug|Any CPU.Build.0 = Debug|Any CPU
		{217D3771-F7E0-4171-A939-8CE3EA94BA98}.Debug|ARM.ActiveCfg = Debug|Any CPU
		{217D3771-F7E0-4171-A939-8CE3EA94BA98}.Debug|x64.ActiveCfg = Debug|Any CPU
		{217D3771-F7E0-4171-A939-8CE3EA94BA98}.Debug|x86.ActiveCfg = Debug|Any CPU
		{217D3771-F7E0-4171-A939-8CE3EA94BA98}.Release|Any CPU.ActiveCfg = Release|Any CPU
		{217D3771-F7E0-4171-A939-8CE3EA94BA98}.Release|Any CPU.Build.0 = Release|Any CPU
		{217D3771-F7E0-4171-A939-8CE3EA94BA98}.Release|ARM.ActiveCfg = Release|Any CPU
		{217D3771-F7E0-4171-A939-8CE3EA94BA98}.Release|x64.ActiveCfg = Release|Any CPU
		{217D3771-F7E0-4171-A939-8CE3EA94BA98}.Release|x86.ActiveCfg = Release|Any CPU
		{62C27DA0-7463-46A6-BE35-B8FB1059F29A}.Debug|Any CPU.ActiveCfg = Debug|Any CPU
		{62C27DA0-7463-46A6-BE35-B8FB1059F29A}.Debug|Any CPU.Build.0 = Debug|Any CPU
		{62C27DA0-7463-46A6-BE35-B8FB1059F29A}.Debug|ARM.ActiveCfg = Debug|Any CPU
		{62C27DA0-7463-46A6-BE35-B8FB1059F29A}.Debug|x64.ActiveCfg = Debug|Any CPU
		{62C27DA0-7463-46A6-BE35-B8FB1059F29A}.Debug|x86.ActiveCfg = Debug|Any CPU
		{62C27DA0-7463-46A6-BE35-B8FB1059F29A}.Release|Any CPU.ActiveCfg = Release|Any CPU
		{62C27DA0-7463-46A6-BE35-B8FB1059F29A}.Release|Any CPU.Build.0 = Release|Any CPU
		{62C27DA0-7463-46A6-BE35-B8FB1059F29A}.Release|ARM.ActiveCfg = Release|Any CPU
		{62C27DA0-7463-46A6-BE35-B8FB1059F29A}.Release|x64.ActiveCfg = Release|Any CPU
		{62C27DA0-7463-46A6-BE35-B8FB1059F29A}.Release|x86.ActiveCfg = Release|Any CPU
		{C0EC9C50-89D6-47F4-81BB-4A2B32C37C70}.Debug|Any CPU.ActiveCfg = Debug|Any CPU
		{C0EC9C50-89D6-47F4-81BB-4A2B32C37C70}.Debug|Any CPU.Build.0 = Debug|Any CPU
		{C0EC9C50-89D6-47F4-81BB-4A2B32C37C70}.Debug|ARM.ActiveCfg = Debug|Any CPU
		{C0EC9C50-89D6-47F4-81BB-4A2B32C37C70}.Debug|x64.ActiveCfg = Debug|Any CPU
		{C0EC9C50-89D6-47F4-81BB-4A2B32C37C70}.Debug|x86.ActiveCfg = Debug|Any CPU
		{C0EC9C50-89D6-47F4-81BB-4A2B32C37C70}.Release|Any CPU.ActiveCfg = Release|Any CPU
		{C0EC9C50-89D6-47F4-81BB-4A2B32C37C70}.Release|Any CPU.Build.0 = Release|Any CPU
		{C0EC9C50-89D6-47F4-81BB-4A2B32C37C70}.Release|ARM.ActiveCfg = Release|Any CPU
		{C0EC9C50-89D6-47F4-81BB-4A2B32C37C70}.Release|x64.ActiveCfg = Release|Any CPU
		{C0EC9C50-89D6-47F4-81BB-4A2B32C37C70}.Release|x86.ActiveCfg = Release|Any CPU
		{9A517CBD-AFCE-4BB8-879F-D7F8277A5B46}.Debug|Any CPU.ActiveCfg = Debug|Any CPU
		{9A517CBD-AFCE-4BB8-879F-D7F8277A5B46}.Debug|Any CPU.Build.0 = Debug|Any CPU
		{9A517CBD-AFCE-4BB8-879F-D7F8277A5B46}.Debug|ARM.ActiveCfg = Debug|Any CPU
		{9A517CBD-AFCE-4BB8-879F-D7F8277A5B46}.Debug|x64.ActiveCfg = Debug|Any CPU
		{9A517CBD-AFCE-4BB8-879F-D7F8277A5B46}.Debug|x86.ActiveCfg = Debug|Any CPU
		{9A517CBD-AFCE-4BB8-879F-D7F8277A5B46}.Release|Any CPU.ActiveCfg = Release|Any CPU
		{9A517CBD-AFCE-4BB8-879F-D7F8277A5B46}.Release|Any CPU.Build.0 = Release|Any CPU
		{9A517CBD-AFCE-4BB8-879F-D7F8277A5B46}.Release|ARM.ActiveCfg = Release|Any CPU
		{9A517CBD-AFCE-4BB8-879F-D7F8277A5B46}.Release|x64.ActiveCfg = Release|Any CPU
		{9A517CBD-AFCE-4BB8-879F-D7F8277A5B46}.Release|x86.ActiveCfg = Release|Any CPU
		{1A93744E-7193-45F4-9364-D708CDBAFF90}.Debug|Any CPU.ActiveCfg = Debug|Any CPU
		{1A93744E-7193-45F4-9364-D708CDBAFF90}.Debug|Any CPU.Build.0 = Debug|Any CPU
		{1A93744E-7193-45F4-9364-D708CDBAFF90}.Debug|ARM.ActiveCfg = Debug|Any CPU
		{1A93744E-7193-45F4-9364-D708CDBAFF90}.Debug|x64.ActiveCfg = Debug|Any CPU
		{1A93744E-7193-45F4-9364-D708CDBAFF90}.Debug|x86.ActiveCfg = Debug|Any CPU
		{1A93744E-7193-45F4-9364-D708CDBAFF90}.Release|Any CPU.ActiveCfg = Release|Any CPU
		{1A93744E-7193-45F4-9364-D708CDBAFF90}.Release|Any CPU.Build.0 = Release|Any CPU
		{1A93744E-7193-45F4-9364-D708CDBAFF90}.Release|ARM.ActiveCfg = Release|Any CPU
		{1A93744E-7193-45F4-9364-D708CDBAFF90}.Release|x64.ActiveCfg = Release|Any CPU
		{1A93744E-7193-45F4-9364-D708CDBAFF90}.Release|x86.ActiveCfg = Release|Any CPU
		{83633FAC-4797-408E-8943-54811B90975E}.Debug|Any CPU.ActiveCfg = Debug|Any CPU
		{83633FAC-4797-408E-8943-54811B90975E}.Debug|Any CPU.Build.0 = Debug|Any CPU
		{83633FAC-4797-408E-8943-54811B90975E}.Debug|ARM.ActiveCfg = Debug|Any CPU
		{83633FAC-4797-408E-8943-54811B90975E}.Debug|x64.ActiveCfg = Debug|Any CPU
		{83633FAC-4797-408E-8943-54811B90975E}.Debug|x86.ActiveCfg = Debug|Any CPU
		{83633FAC-4797-408E-8943-54811B90975E}.Release|Any CPU.ActiveCfg = Release|Any CPU
		{83633FAC-4797-408E-8943-54811B90975E}.Release|Any CPU.Build.0 = Release|Any CPU
		{83633FAC-4797-408E-8943-54811B90975E}.Release|ARM.ActiveCfg = Release|Any CPU
		{83633FAC-4797-408E-8943-54811B90975E}.Release|x64.ActiveCfg = Release|Any CPU
		{83633FAC-4797-408E-8943-54811B90975E}.Release|x86.ActiveCfg = Release|Any CPU
		{85A1B9FD-8B41-4E50-9CA2-4D1F074FFCFC}.Debug|Any CPU.ActiveCfg = Debug|Any CPU
		{85A1B9FD-8B41-4E50-9CA2-4D1F074FFCFC}.Debug|Any CPU.Build.0 = Debug|Any CPU
		{85A1B9FD-8B41-4E50-9CA2-4D1F074FFCFC}.Debug|ARM.ActiveCfg = Debug|Any CPU
		{85A1B9FD-8B41-4E50-9CA2-4D1F074FFCFC}.Debug|x64.ActiveCfg = Debug|Any CPU
		{85A1B9FD-8B41-4E50-9CA2-4D1F074FFCFC}.Debug|x86.ActiveCfg = Debug|Any CPU
		{85A1B9FD-8B41-4E50-9CA2-4D1F074FFCFC}.Release|Any CPU.ActiveCfg = Release|Any CPU
		{85A1B9FD-8B41-4E50-9CA2-4D1F074FFCFC}.Release|Any CPU.Build.0 = Release|Any CPU
		{85A1B9FD-8B41-4E50-9CA2-4D1F074FFCFC}.Release|ARM.ActiveCfg = Release|Any CPU
		{85A1B9FD-8B41-4E50-9CA2-4D1F074FFCFC}.Release|x64.ActiveCfg = Release|Any CPU
		{85A1B9FD-8B41-4E50-9CA2-4D1F074FFCFC}.Release|x86.ActiveCfg = Release|Any CPU
		{701668BE-D754-45C9-ACE6-D07B038DBCCD}.Debug|Any CPU.ActiveCfg = Debug|Any CPU
		{701668BE-D754-45C9-ACE6-D07B038DBCCD}.Debug|Any CPU.Build.0 = Debug|Any CPU
		{701668BE-D754-45C9-ACE6-D07B038DBCCD}.Debug|ARM.ActiveCfg = Debug|Any CPU
		{701668BE-D754-45C9-ACE6-D07B038DBCCD}.Debug|x64.ActiveCfg = Debug|Any CPU
		{701668BE-D754-45C9-ACE6-D07B038DBCCD}.Debug|x86.ActiveCfg = Debug|Any CPU
		{701668BE-D754-45C9-ACE6-D07B038DBCCD}.Release|Any CPU.ActiveCfg = Release|Any CPU
		{701668BE-D754-45C9-ACE6-D07B038DBCCD}.Release|Any CPU.Build.0 = Release|Any CPU
		{701668BE-D754-45C9-ACE6-D07B038DBCCD}.Release|ARM.ActiveCfg = Release|Any CPU
		{701668BE-D754-45C9-ACE6-D07B038DBCCD}.Release|x64.ActiveCfg = Release|Any CPU
		{701668BE-D754-45C9-ACE6-D07B038DBCCD}.Release|x86.ActiveCfg = Release|Any CPU
		{CC81DCB7-342D-4D4F-B208-ADF95B19AABB}.Debug|Any CPU.ActiveCfg = Debug|Any CPU
		{CC81DCB7-342D-4D4F-B208-ADF95B19AABB}.Debug|Any CPU.Build.0 = Debug|Any CPU
		{CC81DCB7-342D-4D4F-B208-ADF95B19AABB}.Debug|ARM.ActiveCfg = Debug|Any CPU
		{CC81DCB7-342D-4D4F-B208-ADF95B19AABB}.Debug|x64.ActiveCfg = Debug|Any CPU
		{CC81DCB7-342D-4D4F-B208-ADF95B19AABB}.Debug|x86.ActiveCfg = Debug|Any CPU
		{CC81DCB7-342D-4D4F-B208-ADF95B19AABB}.Release|Any CPU.ActiveCfg = Release|Any CPU
		{CC81DCB7-342D-4D4F-B208-ADF95B19AABB}.Release|Any CPU.Build.0 = Release|Any CPU
		{CC81DCB7-342D-4D4F-B208-ADF95B19AABB}.Release|ARM.ActiveCfg = Release|Any CPU
		{CC81DCB7-342D-4D4F-B208-ADF95B19AABB}.Release|x64.ActiveCfg = Release|Any CPU
		{CC81DCB7-342D-4D4F-B208-ADF95B19AABB}.Release|x86.ActiveCfg = Release|Any CPU
		{1373824B-1013-4155-8322-745D8A142B4D}.Debug|Any CPU.ActiveCfg = Debug|Any CPU
		{1373824B-1013-4155-8322-745D8A142B4D}.Debug|Any CPU.Build.0 = Debug|Any CPU
		{1373824B-1013-4155-8322-745D8A142B4D}.Debug|ARM.ActiveCfg = Debug|Any CPU
		{1373824B-1013-4155-8322-745D8A142B4D}.Debug|x64.ActiveCfg = Debug|Any CPU
		{1373824B-1013-4155-8322-745D8A142B4D}.Debug|x86.ActiveCfg = Debug|Any CPU
		{1373824B-1013-4155-8322-745D8A142B4D}.Release|Any CPU.ActiveCfg = Release|Any CPU
		{1373824B-1013-4155-8322-745D8A142B4D}.Release|Any CPU.Build.0 = Release|Any CPU
		{1373824B-1013-4155-8322-745D8A142B4D}.Release|ARM.ActiveCfg = Release|Any CPU
		{1373824B-1013-4155-8322-745D8A142B4D}.Release|x64.ActiveCfg = Release|Any CPU
		{1373824B-1013-4155-8322-745D8A142B4D}.Release|x86.ActiveCfg = Release|Any CPU
	EndGlobalSection
	GlobalSection(SolutionProperties) = preSolution
		HideSolutionNode = FALSE
	EndGlobalSection
EndGlobal
