
Microsoft Visual Studio Solution File, Format Version 12.00
# Visual Studio 2013
VisualStudioVersion = 12.0.31101.0
MinimumVisualStudioVersion = 10.0.40219.1
Project("{FAE04EC0-301F-11D3-BF4B-00C04F79EFBC}") = "01. OddLines", "OddLines\01. OddLines.csproj", "{B46F0730-EAE9-4EA0-9A96-58C564C647F0}"
EndProject
Project("{FAE04EC0-301F-11D3-BF4B-00C04F79EFBC}") = "02. ConcatenateTextFiles", "ConcatenateTextFiles\02. ConcatenateTextFiles.csproj", "{35A584AB-EF59-44A0-99C6-9569899FCAFF}"
EndProject
Project("{FAE04EC0-301F-11D3-BF4B-00C04F79EFBC}") = "03. LineNumbers", "LineNumbers\03. LineNumbers.csproj", "{58143F0D-102A-4ADA-A226-AE94B9C4A3B7}"
EndProject
Project("{FAE04EC0-301F-11D3-BF4B-00C04F79EFBC}") = "04. CompareTextFiles", "CompareTextFiles\04. CompareTextFiles.csproj", "{B83B0F6A-294F-4460-9013-832A2F5BCE07}"
EndProject
Project("{FAE04EC0-301F-11D3-BF4B-00C04F79EFBC}") = "05. MaximalAreaSum", "MaximalAreaSum\05. MaximalAreaSum.csproj", "{EFE5A321-BE7C-4F51-912E-773E1A37DABB}"
EndProject
Project("{FAE04EC0-301F-11D3-BF4B-00C04F79EFBC}") = "06. SaveSortedNames", "SaveSortedNames\06. SaveSortedNames.csproj", "{85354BA8-B772-4687-AB52-B92843DE0959}"
EndProject
Project("{FAE04EC0-301F-11D3-BF4B-00C04F79EFBC}") = "07. ReplaceSubString", "ReplaceSubString\07. ReplaceSubString.csproj", "{7DD62D89-EF1C-4729-8660-F1F3A7A8AB78}"
EndProject
Project("{FAE04EC0-301F-11D3-BF4B-00C04F79EFBC}") = "08. ReplaceWholeWord", "ReplaceWholeWord\08. ReplaceWholeWord.csproj", "{BD5BD3CA-2C87-4CBC-891C-690B44B696E6}"
EndProject
Project("{FAE04EC0-301F-11D3-BF4B-00C04F79EFBC}") = "09. DeleteOddLines", "DeleteOddLines\09. DeleteOddLines.csproj", "{F703C49E-7C6F-4239-A80C-643D3F520A04}"
EndProject
Project("{FAE04EC0-301F-11D3-BF4B-00C04F79EFBC}") = "10. ExtractTextFromXML", "ExtractTextFromXML\10. ExtractTextFromXML.csproj", "{FB1F47DF-347C-41F8-9368-55775E84A2EF}"
EndProject
Project("{FAE04EC0-301F-11D3-BF4B-00C04F79EFBC}") = "11. PrefixTest", "PrefixTest\11. PrefixTest.csproj", "{129F5952-01EF-49A6-B19D-DA5B5EE234F9}"
EndProject
Project("{FAE04EC0-301F-11D3-BF4B-00C04F79EFBC}") = "12. RemoveWords", "RemoveWords\12. RemoveWords.csproj", "{E77D9571-0E2E-4B46-AD46-B45C6E0CFEBF}"
EndProject
Project("{FAE04EC0-301F-11D3-BF4B-00C04F79EFBC}") = "13. CountWords", "CountWords\13. CountWords.csproj", "{7CD6C98A-FBFC-45FE-9CC7-38E178B0E487}"
EndProject
Global
	GlobalSection(SolutionConfigurationPlatforms) = preSolution
		Debug|Any CPU = Debug|Any CPU
		Debug|ARM = Debug|ARM
		Debug|x64 = Debug|x64
		Debug|x86 = Debug|x86
		Release|Any CPU = Release|Any CPU
		Release|ARM = Release|ARM
		Release|x64 = Release|x64
		Release|x86 = Release|x86
	EndGlobalSection
	GlobalSection(ProjectConfigurationPlatforms) = postSolution
		{B46F0730-EAE9-4EA0-9A96-58C564C647F0}.Debug|Any CPU.ActiveCfg = Debug|Any CPU
		{B46F0730-EAE9-4EA0-9A96-58C564C647F0}.Debug|Any CPU.Build.0 = Debug|Any CPU
		{B46F0730-EAE9-4EA0-9A96-58C564C647F0}.Debug|ARM.ActiveCfg = Debug|Any CPU
		{B46F0730-EAE9-4EA0-9A96-58C564C647F0}.Debug|x64.ActiveCfg = Debug|Any CPU
		{B46F0730-EAE9-4EA0-9A96-58C564C647F0}.Debug|x86.ActiveCfg = Debug|Any CPU
		{B46F0730-EAE9-4EA0-9A96-58C564C647F0}.Release|Any CPU.ActiveCfg = Release|Any CPU
		{B46F0730-EAE9-4EA0-9A96-58C564C647F0}.Release|Any CPU.Build.0 = Release|Any CPU
		{B46F0730-EAE9-4EA0-9A96-58C564C647F0}.Release|ARM.ActiveCfg = Release|Any CPU
		{B46F0730-EAE9-4EA0-9A96-58C564C647F0}.Release|x64.ActiveCfg = Release|Any CPU
		{B46F0730-EAE9-4EA0-9A96-58C564C647F0}.Release|x86.ActiveCfg = Release|Any CPU
		{35A584AB-EF59-44A0-99C6-9569899FCAFF}.Debug|Any CPU.ActiveCfg = Debug|Any CPU
		{35A584AB-EF59-44A0-99C6-9569899FCAFF}.Debug|Any CPU.Build.0 = Debug|Any CPU
		{35A584AB-EF59-44A0-99C6-9569899FCAFF}.Debug|ARM.ActiveCfg = Debug|Any CPU
		{35A584AB-EF59-44A0-99C6-9569899FCAFF}.Debug|x64.ActiveCfg = Debug|Any CPU
		{35A584AB-EF59-44A0-99C6-9569899FCAFF}.Debug|x86.ActiveCfg = Debug|Any CPU
		{35A584AB-EF59-44A0-99C6-9569899FCAFF}.Release|Any CPU.ActiveCfg = Release|Any CPU
		{35A584AB-EF59-44A0-99C6-9569899FCAFF}.Release|Any CPU.Build.0 = Release|Any CPU
		{35A584AB-EF59-44A0-99C6-9569899FCAFF}.Release|ARM.ActiveCfg = Release|Any CPU
		{35A584AB-EF59-44A0-99C6-9569899FCAFF}.Release|x64.ActiveCfg = Release|Any CPU
		{35A584AB-EF59-44A0-99C6-9569899FCAFF}.Release|x86.ActiveCfg = Release|Any CPU
		{58143F0D-102A-4ADA-A226-AE94B9C4A3B7}.Debug|Any CPU.ActiveCfg = Debug|Any CPU
		{58143F0D-102A-4ADA-A226-AE94B9C4A3B7}.Debug|Any CPU.Build.0 = Debug|Any CPU
		{58143F0D-102A-4ADA-A226-AE94B9C4A3B7}.Debug|ARM.ActiveCfg = Debug|Any CPU
		{58143F0D-102A-4ADA-A226-AE94B9C4A3B7}.Debug|x64.ActiveCfg = Debug|Any CPU
		{58143F0D-102A-4ADA-A226-AE94B9C4A3B7}.Debug|x86.ActiveCfg = Debug|Any CPU
		{58143F0D-102A-4ADA-A226-AE94B9C4A3B7}.Release|Any CPU.ActiveCfg = Release|Any CPU
		{58143F0D-102A-4ADA-A226-AE94B9C4A3B7}.Release|Any CPU.Build.0 = Release|Any CPU
		{58143F0D-102A-4ADA-A226-AE94B9C4A3B7}.Release|ARM.ActiveCfg = Release|Any CPU
		{58143F0D-102A-4ADA-A226-AE94B9C4A3B7}.Release|x64.ActiveCfg = Release|Any CPU
		{58143F0D-102A-4ADA-A226-AE94B9C4A3B7}.Release|x86.ActiveCfg = Release|Any CPU
		{B83B0F6A-294F-4460-9013-832A2F5BCE07}.Debug|Any CPU.ActiveCfg = Debug|Any CPU
		{B83B0F6A-294F-4460-9013-832A2F5BCE07}.Debug|Any CPU.Build.0 = Debug|Any CPU
		{B83B0F6A-294F-4460-9013-832A2F5BCE07}.Debug|ARM.ActiveCfg = Debug|Any CPU
		{B83B0F6A-294F-4460-9013-832A2F5BCE07}.Debug|x64.ActiveCfg = Debug|Any CPU
		{B83B0F6A-294F-4460-9013-832A2F5BCE07}.Debug|x86.ActiveCfg = Debug|Any CPU
		{B83B0F6A-294F-4460-9013-832A2F5BCE07}.Release|Any CPU.ActiveCfg = Release|Any CPU
		{B83B0F6A-294F-4460-9013-832A2F5BCE07}.Release|Any CPU.Build.0 = Release|Any CPU
		{B83B0F6A-294F-4460-9013-832A2F5BCE07}.Release|ARM.ActiveCfg = Release|Any CPU
		{B83B0F6A-294F-4460-9013-832A2F5BCE07}.Release|x64.ActiveCfg = Release|Any CPU
		{B83B0F6A-294F-4460-9013-832A2F5BCE07}.Release|x86.ActiveCfg = Release|Any CPU
		{EFE5A321-BE7C-4F51-912E-773E1A37DABB}.Debug|Any CPU.ActiveCfg = Debug|Any CPU
		{EFE5A321-BE7C-4F51-912E-773E1A37DABB}.Debug|Any CPU.Build.0 = Debug|Any CPU
		{EFE5A321-BE7C-4F51-912E-773E1A37DABB}.Debug|ARM.ActiveCfg = Debug|Any CPU
		{EFE5A321-BE7C-4F51-912E-773E1A37DABB}.Debug|x64.ActiveCfg = Debug|Any CPU
		{EFE5A321-BE7C-4F51-912E-773E1A37DABB}.Debug|x86.ActiveCfg = Debug|Any CPU
		{EFE5A321-BE7C-4F51-912E-773E1A37DABB}.Release|Any CPU.ActiveCfg = Release|Any CPU
		{EFE5A321-BE7C-4F51-912E-773E1A37DABB}.Release|Any CPU.Build.0 = Release|Any CPU
		{EFE5A321-BE7C-4F51-912E-773E1A37DABB}.Release|ARM.ActiveCfg = Release|Any CPU
		{EFE5A321-BE7C-4F51-912E-773E1A37DABB}.Release|x64.ActiveCfg = Release|Any CPU
		{EFE5A321-BE7C-4F51-912E-773E1A37DABB}.Release|x86.ActiveCfg = Release|Any CPU
		{85354BA8-B772-4687-AB52-B92843DE0959}.Debug|Any CPU.ActiveCfg = Debug|Any CPU
		{85354BA8-B772-4687-AB52-B92843DE0959}.Debug|Any CPU.Build.0 = Debug|Any CPU
		{85354BA8-B772-4687-AB52-B92843DE0959}.Debug|ARM.ActiveCfg = Debug|Any CPU
		{85354BA8-B772-4687-AB52-B92843DE0959}.Debug|x64.ActiveCfg = Debug|Any CPU
		{85354BA8-B772-4687-AB52-B92843DE0959}.Debug|x86.ActiveCfg = Debug|Any CPU
		{85354BA8-B772-4687-AB52-B92843DE0959}.Release|Any CPU.ActiveCfg = Release|Any CPU
		{85354BA8-B772-4687-AB52-B92843DE0959}.Release|Any CPU.Build.0 = Release|Any CPU
		{85354BA8-B772-4687-AB52-B92843DE0959}.Release|ARM.ActiveCfg = Release|Any CPU
		{85354BA8-B772-4687-AB52-B92843DE0959}.Release|x64.ActiveCfg = Release|Any CPU
		{85354BA8-B772-4687-AB52-B92843DE0959}.Release|x86.ActiveCfg = Release|Any CPU
		{7DD62D89-EF1C-4729-8660-F1F3A7A8AB78}.Debug|Any CPU.ActiveCfg = Debug|Any CPU
		{7DD62D89-EF1C-4729-8660-F1F3A7A8AB78}.Debug|Any CPU.Build.0 = Debug|Any CPU
		{7DD62D89-EF1C-4729-8660-F1F3A7A8AB78}.Debug|ARM.ActiveCfg = Debug|Any CPU
		{7DD62D89-EF1C-4729-8660-F1F3A7A8AB78}.Debug|x64.ActiveCfg = Debug|Any CPU
		{7DD62D89-EF1C-4729-8660-F1F3A7A8AB78}.Debug|x86.ActiveCfg = Debug|Any CPU
		{7DD62D89-EF1C-4729-8660-F1F3A7A8AB78}.Release|Any CPU.ActiveCfg = Release|Any CPU
		{7DD62D89-EF1C-4729-8660-F1F3A7A8AB78}.Release|Any CPU.Build.0 = Release|Any CPU
		{7DD62D89-EF1C-4729-8660-F1F3A7A8AB78}.Release|ARM.ActiveCfg = Release|Any CPU
		{7DD62D89-EF1C-4729-8660-F1F3A7A8AB78}.Release|x64.ActiveCfg = Release|Any CPU
		{7DD62D89-EF1C-4729-8660-F1F3A7A8AB78}.Release|x86.ActiveCfg = Release|Any CPU
		{BD5BD3CA-2C87-4CBC-891C-690B44B696E6}.Debug|Any CPU.ActiveCfg = Debug|Any CPU
		{BD5BD3CA-2C87-4CBC-891C-690B44B696E6}.Debug|Any CPU.Build.0 = Debug|Any CPU
		{BD5BD3CA-2C87-4CBC-891C-690B44B696E6}.Debug|ARM.ActiveCfg = Debug|Any CPU
		{BD5BD3CA-2C87-4CBC-891C-690B44B696E6}.Debug|x64.ActiveCfg = Debug|Any CPU
		{BD5BD3CA-2C87-4CBC-891C-690B44B696E6}.Debug|x86.ActiveCfg = Debug|Any CPU
		{BD5BD3CA-2C87-4CBC-891C-690B44B696E6}.Release|Any CPU.ActiveCfg = Release|Any CPU
		{BD5BD3CA-2C87-4CBC-891C-690B44B696E6}.Release|Any CPU.Build.0 = Release|Any CPU
		{BD5BD3CA-2C87-4CBC-891C-690B44B696E6}.Release|ARM.ActiveCfg = Release|Any CPU
		{BD5BD3CA-2C87-4CBC-891C-690B44B696E6}.Release|x64.ActiveCfg = Release|Any CPU
		{BD5BD3CA-2C87-4CBC-891C-690B44B696E6}.Release|x86.ActiveCfg = Release|Any CPU
		{F703C49E-7C6F-4239-A80C-643D3F520A04}.Debug|Any CPU.ActiveCfg = Debug|Any CPU
		{F703C49E-7C6F-4239-A80C-643D3F520A04}.Debug|Any CPU.Build.0 = Debug|Any CPU
		{F703C49E-7C6F-4239-A80C-643D3F520A04}.Debug|ARM.ActiveCfg = Debug|Any CPU
		{F703C49E-7C6F-4239-A80C-643D3F520A04}.Debug|x64.ActiveCfg = Debug|Any CPU
		{F703C49E-7C6F-4239-A80C-643D3F520A04}.Debug|x86.ActiveCfg = Debug|Any CPU
		{F703C49E-7C6F-4239-A80C-643D3F520A04}.Release|Any CPU.ActiveCfg = Release|Any CPU
		{F703C49E-7C6F-4239-A80C-643D3F520A04}.Release|Any CPU.Build.0 = Release|Any CPU
		{F703C49E-7C6F-4239-A80C-643D3F520A04}.Release|ARM.ActiveCfg = Release|Any CPU
		{F703C49E-7C6F-4239-A80C-643D3F520A04}.Release|x64.ActiveCfg = Release|Any CPU
		{F703C49E-7C6F-4239-A80C-643D3F520A04}.Release|x86.ActiveCfg = Release|Any CPU
		{FB1F47DF-347C-41F8-9368-55775E84A2EF}.Debug|Any CPU.ActiveCfg = Debug|Any CPU
		{FB1F47DF-347C-41F8-9368-55775E84A2EF}.Debug|Any CPU.Build.0 = Debug|Any CPU
		{FB1F47DF-347C-41F8-9368-55775E84A2EF}.Debug|ARM.ActiveCfg = Debug|Any CPU
		{FB1F47DF-347C-41F8-9368-55775E84A2EF}.Debug|x64.ActiveCfg = Debug|Any CPU
		{FB1F47DF-347C-41F8-9368-55775E84A2EF}.Debug|x86.ActiveCfg = Debug|Any CPU
		{FB1F47DF-347C-41F8-9368-55775E84A2EF}.Release|Any CPU.ActiveCfg = Release|Any CPU
		{FB1F47DF-347C-41F8-9368-55775E84A2EF}.Release|Any CPU.Build.0 = Release|Any CPU
		{FB1F47DF-347C-41F8-9368-55775E84A2EF}.Release|ARM.ActiveCfg = Release|Any CPU
		{FB1F47DF-347C-41F8-9368-55775E84A2EF}.Release|x64.ActiveCfg = Release|Any CPU
		{FB1F47DF-347C-41F8-9368-55775E84A2EF}.Release|x86.ActiveCfg = Release|Any CPU
		{129F5952-01EF-49A6-B19D-DA5B5EE234F9}.Debug|Any CPU.ActiveCfg = Debug|Any CPU
		{129F5952-01EF-49A6-B19D-DA5B5EE234F9}.Debug|Any CPU.Build.0 = Debug|Any CPU
		{129F5952-01EF-49A6-B19D-DA5B5EE234F9}.Debug|ARM.ActiveCfg = Debug|Any CPU
		{129F5952-01EF-49A6-B19D-DA5B5EE234F9}.Debug|x64.ActiveCfg = Debug|Any CPU
		{129F5952-01EF-49A6-B19D-DA5B5EE234F9}.Debug|x86.ActiveCfg = Debug|Any CPU
		{129F5952-01EF-49A6-B19D-DA5B5EE234F9}.Release|Any CPU.ActiveCfg = Release|Any CPU
		{129F5952-01EF-49A6-B19D-DA5B5EE234F9}.Release|Any CPU.Build.0 = Release|Any CPU
		{129F5952-01EF-49A6-B19D-DA5B5EE234F9}.Release|ARM.ActiveCfg = Release|Any CPU
		{129F5952-01EF-49A6-B19D-DA5B5EE234F9}.Release|x64.ActiveCfg = Release|Any CPU
		{129F5952-01EF-49A6-B19D-DA5B5EE234F9}.Release|x86.ActiveCfg = Release|Any CPU
		{E77D9571-0E2E-4B46-AD46-B45C6E0CFEBF}.Debug|Any CPU.ActiveCfg = Debug|Any CPU
		{E77D9571-0E2E-4B46-AD46-B45C6E0CFEBF}.Debug|Any CPU.Build.0 = Debug|Any CPU
		{E77D9571-0E2E-4B46-AD46-B45C6E0CFEBF}.Debug|ARM.ActiveCfg = Debug|Any CPU
		{E77D9571-0E2E-4B46-AD46-B45C6E0CFEBF}.Debug|x64.ActiveCfg = Debug|Any CPU
		{E77D9571-0E2E-4B46-AD46-B45C6E0CFEBF}.Debug|x86.ActiveCfg = Debug|Any CPU
		{E77D9571-0E2E-4B46-AD46-B45C6E0CFEBF}.Release|Any CPU.ActiveCfg = Release|Any CPU
		{E77D9571-0E2E-4B46-AD46-B45C6E0CFEBF}.Release|Any CPU.Build.0 = Release|Any CPU
		{E77D9571-0E2E-4B46-AD46-B45C6E0CFEBF}.Release|ARM.ActiveCfg = Release|Any CPU
		{E77D9571-0E2E-4B46-AD46-B45C6E0CFEBF}.Release|x64.ActiveCfg = Release|Any CPU
		{E77D9571-0E2E-4B46-AD46-B45C6E0CFEBF}.Release|x86.ActiveCfg = Release|Any CPU
		{7CD6C98A-FBFC-45FE-9CC7-38E178B0E487}.Debug|Any CPU.ActiveCfg = Debug|Any CPU
		{7CD6C98A-FBFC-45FE-9CC7-38E178B0E487}.Debug|Any CPU.Build.0 = Debug|Any CPU
		{7CD6C98A-FBFC-45FE-9CC7-38E178B0E487}.Debug|ARM.ActiveCfg = Debug|Any CPU
		{7CD6C98A-FBFC-45FE-9CC7-38E178B0E487}.Debug|x64.ActiveCfg = Debug|Any CPU
		{7CD6C98A-FBFC-45FE-9CC7-38E178B0E487}.Debug|x86.ActiveCfg = Debug|Any CPU
		{7CD6C98A-FBFC-45FE-9CC7-38E178B0E487}.Release|Any CPU.ActiveCfg = Release|Any CPU
		{7CD6C98A-FBFC-45FE-9CC7-38E178B0E487}.Release|Any CPU.Build.0 = Release|Any CPU
		{7CD6C98A-FBFC-45FE-9CC7-38E178B0E487}.Release|ARM.ActiveCfg = Release|Any CPU
		{7CD6C98A-FBFC-45FE-9CC7-38E178B0E487}.Release|x64.ActiveCfg = Release|Any CPU
		{7CD6C98A-FBFC-45FE-9CC7-38E178B0E487}.Release|x86.ActiveCfg = Release|Any CPU
	EndGlobalSection
	GlobalSection(SolutionProperties) = preSolution
		HideSolutionNode = FALSE
	EndGlobalSection
EndGlobal
