
Microsoft Visual Studio Solution File, Format Version 12.00
# Visual Studio 2013
VisualStudioVersion = 12.0.31101.0
MinimumVisualStudioVersion = 10.0.40219.1
Project("{FAE04EC0-301F-11D3-BF4B-00C04F79EFBC}") = "01. FillTheMatrix", "FillTheMatrix\01. FillTheMatrix.csproj", "{A925DE71-D831-4860-8744-5CB9F4CE6C72}"
EndProject
Project("{FAE04EC0-301F-11D3-BF4B-00C04F79EFBC}") = "02. MaximalSum", "MaximalSum\02. MaximalSum.csproj", "{A2BF69FD-A2E7-4521-B809-1FB48CA018DB}"
EndProject
Project("{FAE04EC0-301F-11D3-BF4B-00C04F79EFBC}") = "03. SequenceNMatrix", "SequenceNMatrix\03. SequenceNMatrix.csproj", "{71A035BA-6396-4EDA-A2A2-A85C86821C25}"
EndProject
Project("{FAE04EC0-301F-11D3-BF4B-00C04F79EFBC}") = "04. BinarySearch", "BinarySearch\04. BinarySearch.csproj", "{C20ED83B-714A-48FF-AD1E-8056032E9223}"
EndProject
Project("{FAE04EC0-301F-11D3-BF4B-00C04F79EFBC}") = "05. SortByStringLength", "SortByStringLength\05. SortByStringLength.csproj", "{BF15FFE6-2D03-4554-9E49-1CEC23DAACF7}"
EndProject
Project("{FAE04EC0-301F-11D3-BF4B-00C04F79EFBC}") = "06. MatrixClass", "MatrixClass\06. MatrixClass.csproj", "{656607D6-038E-4F22-840E-87ADEBB2E339}"
EndProject
Project("{FAE04EC0-301F-11D3-BF4B-00C04F79EFBC}") = "07. LargestAreaInMatrix", "LargestAreaInMatrix\07. LargestAreaInMatrix.csproj", "{3EA1B7A8-C185-463F-9CCE-2800DDCC258D}"
EndProject
Global
	GlobalSection(SolutionConfigurationPlatforms) = preSolution
		Debug|Any CPU = Debug|Any CPU
		Release|Any CPU = Release|Any CPU
	EndGlobalSection
	GlobalSection(ProjectConfigurationPlatforms) = postSolution
		{A925DE71-D831-4860-8744-5CB9F4CE6C72}.Debug|Any CPU.ActiveCfg = Debug|Any CPU
		{A925DE71-D831-4860-8744-5CB9F4CE6C72}.Debug|Any CPU.Build.0 = Debug|Any CPU
		{A925DE71-D831-4860-8744-5CB9F4CE6C72}.Release|Any CPU.ActiveCfg = Release|Any CPU
		{A925DE71-D831-4860-8744-5CB9F4CE6C72}.Release|Any CPU.Build.0 = Release|Any CPU
		{A2BF69FD-A2E7-4521-B809-1FB48CA018DB}.Debug|Any CPU.ActiveCfg = Debug|Any CPU
		{A2BF69FD-A2E7-4521-B809-1FB48CA018DB}.Debug|Any CPU.Build.0 = Debug|Any CPU
		{A2BF69FD-A2E7-4521-B809-1FB48CA018DB}.Release|Any CPU.ActiveCfg = Release|Any CPU
		{A2BF69FD-A2E7-4521-B809-1FB48CA018DB}.Release|Any CPU.Build.0 = Release|Any CPU
		{71A035BA-6396-4EDA-A2A2-A85C86821C25}.Debug|Any CPU.ActiveCfg = Debug|Any CPU
		{71A035BA-6396-4EDA-A2A2-A85C86821C25}.Debug|Any CPU.Build.0 = Debug|Any CPU
		{71A035BA-6396-4EDA-A2A2-A85C86821C25}.Release|Any CPU.ActiveCfg = Release|Any CPU
		{71A035BA-6396-4EDA-A2A2-A85C86821C25}.Release|Any CPU.Build.0 = Release|Any CPU
		{C20ED83B-714A-48FF-AD1E-8056032E9223}.Debug|Any CPU.ActiveCfg = Debug|Any CPU
		{C20ED83B-714A-48FF-AD1E-8056032E9223}.Debug|Any CPU.Build.0 = Debug|Any CPU
		{C20ED83B-714A-48FF-AD1E-8056032E9223}.Release|Any CPU.ActiveCfg = Release|Any CPU
		{C20ED83B-714A-48FF-AD1E-8056032E9223}.Release|Any CPU.Build.0 = Release|Any CPU
		{BF15FFE6-2D03-4554-9E49-1CEC23DAACF7}.Debug|Any CPU.ActiveCfg = Debug|Any CPU
		{BF15FFE6-2D03-4554-9E49-1CEC23DAACF7}.Debug|Any CPU.Build.0 = Debug|Any CPU
		{BF15FFE6-2D03-4554-9E49-1CEC23DAACF7}.Release|Any CPU.ActiveCfg = Release|Any CPU
		{BF15FFE6-2D03-4554-9E49-1CEC23DAACF7}.Release|Any CPU.Build.0 = Release|Any CPU
		{656607D6-038E-4F22-840E-87ADEBB2E339}.Debug|Any CPU.ActiveCfg = Debug|Any CPU
		{656607D6-038E-4F22-840E-87ADEBB2E339}.Debug|Any CPU.Build.0 = Debug|Any CPU
		{656607D6-038E-4F22-840E-87ADEBB2E339}.Release|Any CPU.ActiveCfg = Release|Any CPU
		{656607D6-038E-4F22-840E-87ADEBB2E339}.Release|Any CPU.Build.0 = Release|Any CPU
		{3EA1B7A8-C185-463F-9CCE-2800DDCC258D}.Debug|Any CPU.ActiveCfg = Debug|Any CPU
		{3EA1B7A8-C185-463F-9CCE-2800DDCC258D}.Debug|Any CPU.Build.0 = Debug|Any CPU
		{3EA1B7A8-C185-463F-9CCE-2800DDCC258D}.Release|Any CPU.ActiveCfg = Release|Any CPU
		{3EA1B7A8-C185-463F-9CCE-2800DDCC258D}.Release|Any CPU.Build.0 = Release|Any CPU
	EndGlobalSection
	GlobalSection(SolutionProperties) = preSolution
		HideSolutionNode = FALSE
	EndGlobalSection
EndGlobal
