
Microsoft Visual Studio Solution File, Format Version 12.00
# Visual Studio 2013
VisualStudioVersion = 12.0.31101.0
MinimumVisualStudioVersion = 10.0.40219.1
Project("{FAE04EC0-301F-11D3-BF4B-00C04F79EFBC}") = "01. LeapYear", "LeapYear\01. LeapYear.csproj", "{5655E2ED-6A91-495D-A046-03DCCDE369C4}"
EndProject
Project("{FAE04EC0-301F-11D3-BF4B-00C04F79EFBC}") = "02. RandomNumbers", "RandomNumbers\02. RandomNumbers.csproj", "{F28C5FF0-2E0B-4D5C-9790-8EB46DD212A2}"
EndProject
Project("{FAE04EC0-301F-11D3-BF4B-00C04F79EFBC}") = "03. DayOfWeek", "DayOfWeek\03. DayOfWeek.csproj", "{99602B66-6ED7-4F33-84D2-5C2637947086}"
EndProject
Project("{FAE04EC0-301F-11D3-BF4B-00C04F79EFBC}") = "04. TriangleSurface", "TriangleSurface\04. TriangleSurface.csproj", "{35C9A4CD-3EF3-44B9-B37C-F3B11BCD3196}"
EndProject
Project("{FAE04EC0-301F-11D3-BF4B-00C04F79EFBC}") = "05. Workdays", "Workdays\05. Workdays.csproj", "{44DF9FA1-B3F3-4951-91C8-259D94C6042F}"
EndProject
Project("{FAE04EC0-301F-11D3-BF4B-00C04F79EFBC}") = "06. SumIntegers", "SumIntegers\06. SumIntegers.csproj", "{559C6389-4664-4BC2-BEF0-64B4DC620F85}"
EndProject
Project("{FAE04EC0-301F-11D3-BF4B-00C04F79EFBC}") = "07. ArithmeticalЕxpressions", "ArithmeticalЕxpressions\07. ArithmeticalЕxpressions.csproj", "{6AF8B2CC-1A46-45BF-AB9F-1E14BD6B6D42}"
EndProject
Global
	GlobalSection(SolutionConfigurationPlatforms) = preSolution
		Debug|Any CPU = Debug|Any CPU
		Release|Any CPU = Release|Any CPU
	EndGlobalSection
	GlobalSection(ProjectConfigurationPlatforms) = postSolution
		{5655E2ED-6A91-495D-A046-03DCCDE369C4}.Debug|Any CPU.ActiveCfg = Debug|Any CPU
		{5655E2ED-6A91-495D-A046-03DCCDE369C4}.Debug|Any CPU.Build.0 = Debug|Any CPU
		{5655E2ED-6A91-495D-A046-03DCCDE369C4}.Release|Any CPU.ActiveCfg = Release|Any CPU
		{5655E2ED-6A91-495D-A046-03DCCDE369C4}.Release|Any CPU.Build.0 = Release|Any CPU
		{F28C5FF0-2E0B-4D5C-9790-8EB46DD212A2}.Debug|Any CPU.ActiveCfg = Debug|Any CPU
		{F28C5FF0-2E0B-4D5C-9790-8EB46DD212A2}.Debug|Any CPU.Build.0 = Debug|Any CPU
		{F28C5FF0-2E0B-4D5C-9790-8EB46DD212A2}.Release|Any CPU.ActiveCfg = Release|Any CPU
		{F28C5FF0-2E0B-4D5C-9790-8EB46DD212A2}.Release|Any CPU.Build.0 = Release|Any CPU
		{99602B66-6ED7-4F33-84D2-5C2637947086}.Debug|Any CPU.ActiveCfg = Debug|Any CPU
		{99602B66-6ED7-4F33-84D2-5C2637947086}.Debug|Any CPU.Build.0 = Debug|Any CPU
		{99602B66-6ED7-4F33-84D2-5C2637947086}.Release|Any CPU.ActiveCfg = Release|Any CPU
		{99602B66-6ED7-4F33-84D2-5C2637947086}.Release|Any CPU.Build.0 = Release|Any CPU
		{35C9A4CD-3EF3-44B9-B37C-F3B11BCD3196}.Debug|Any CPU.ActiveCfg = Debug|Any CPU
		{35C9A4CD-3EF3-44B9-B37C-F3B11BCD3196}.Debug|Any CPU.Build.0 = Debug|Any CPU
		{35C9A4CD-3EF3-44B9-B37C-F3B11BCD3196}.Release|Any CPU.ActiveCfg = Release|Any CPU
		{35C9A4CD-3EF3-44B9-B37C-F3B11BCD3196}.Release|Any CPU.Build.0 = Release|Any CPU
		{44DF9FA1-B3F3-4951-91C8-259D94C6042F}.Debug|Any CPU.ActiveCfg = Debug|Any CPU
		{44DF9FA1-B3F3-4951-91C8-259D94C6042F}.Debug|Any CPU.Build.0 = Debug|Any CPU
		{44DF9FA1-B3F3-4951-91C8-259D94C6042F}.Release|Any CPU.ActiveCfg = Release|Any CPU
		{44DF9FA1-B3F3-4951-91C8-259D94C6042F}.Release|Any CPU.Build.0 = Release|Any CPU
		{559C6389-4664-4BC2-BEF0-64B4DC620F85}.Debug|Any CPU.ActiveCfg = Debug|Any CPU
		{559C6389-4664-4BC2-BEF0-64B4DC620F85}.Debug|Any CPU.Build.0 = Debug|Any CPU
		{559C6389-4664-4BC2-BEF0-64B4DC620F85}.Release|Any CPU.ActiveCfg = Release|Any CPU
		{559C6389-4664-4BC2-BEF0-64B4DC620F85}.Release|Any CPU.Build.0 = Release|Any CPU
		{6AF8B2CC-1A46-45BF-AB9F-1E14BD6B6D42}.Debug|Any CPU.ActiveCfg = Debug|Any CPU
		{6AF8B2CC-1A46-45BF-AB9F-1E14BD6B6D42}.Debug|Any CPU.Build.0 = Debug|Any CPU
		{6AF8B2CC-1A46-45BF-AB9F-1E14BD6B6D42}.Release|Any CPU.ActiveCfg = Release|Any CPU
		{6AF8B2CC-1A46-45BF-AB9F-1E14BD6B6D42}.Release|Any CPU.Build.0 = Release|Any CPU
	EndGlobalSection
	GlobalSection(SolutionProperties) = preSolution
		HideSolutionNode = FALSE
	EndGlobalSection
EndGlobal
