
Microsoft Visual Studio Solution File, Format Version 12.00
# Visual Studio 14
VisualStudioVersion = 14.0.24720.0
MinimumVisualStudioVersion = 10.0.40219.1
Project("{2150E333-8FDC-42A3-9474-1A3956D46DE8}") = "1. Create Apps", "1. Create Apps", "{466E3016-C313-4441-A713-EBEC37C7D3C2}"
EndProject
Project("{FAE04EC0-301F-11D3-BF4B-00C04F79EFBC}") = "MVCApp", "1. Create Apps\MVCApp\MVCApp.csproj", "{EFA18E5F-AF57-4DAB-A304-AEB6568F4DED}"
EndProject
Project("{FAE04EC0-301F-11D3-BF4B-00C04F79EFBC}") = "SPAApp", "1. Create Apps\SPAApp\SPAApp.csproj", "{CBAF4633-8A83-4C50-BA06-617DC4CE2F1C}"
EndProject
Project("{FAE04EC0-301F-11D3-BF4B-00C04F79EFBC}") = "WebFormsApp", "1. Create Apps\WebFormsApp\WebFormsApp.csproj", "{E69C153D-12EB-46EC-9FD1-F7EAA312B0E7}"
EndProject
Project("{FAE04EC0-301F-11D3-BF4B-00C04F79EFBC}") = "WebApiApp", "1. Create Apps\WebApiApp\WebApiApp.csproj", "{B1D993D1-D866-4B99-BC4D-FC1125804CE3}"
EndProject
Project("{2150E333-8FDC-42A3-9474-1A3956D46DE8}") = "2. Sum Numbers", "2. Sum Numbers", "{90A4AF01-77DB-4EDA-9F51-B57FAF302902}"
EndProject
Project("{FAE04EC0-301F-11D3-BF4B-00C04F79EFBC}") = "SumMVC", "2. Sum Numbers\SumMVC\SumMVC.csproj", "{8D1214FD-BED5-48B8-B862-BADB5DB74677}"
EndProject
Project("{FAE04EC0-301F-11D3-BF4B-00C04F79EFBC}") = "SumWebForms", "2. Sum Numbers\SumWebForms\SumWebForms.csproj", "{7FF1CB0B-68E2-42B3-B34A-7E996D602A0B}"
EndProject
Project("{2150E333-8FDC-42A3-9474-1A3956D46DE8}") = "3. HTTP Handler", "3. HTTP Handler", "{3EA4DFE0-B80B-4D8C-A519-3D4BF4637E36}"
EndProject
Project("{FAE04EC0-301F-11D3-BF4B-00C04F79EFBC}") = "HandlerTextToPng", "3. HTTP Handler\HandlerTextToPng\HandlerTextToPng.csproj", "{6F41E8DA-7E1D-4910-BEC6-550BD04A635D}"
EndProject
Global
	GlobalSection(SolutionConfigurationPlatforms) = preSolution
		Debug|Any CPU = Debug|Any CPU
		Release|Any CPU = Release|Any CPU
	EndGlobalSection
	GlobalSection(ProjectConfigurationPlatforms) = postSolution
		{EFA18E5F-AF57-4DAB-A304-AEB6568F4DED}.Debug|Any CPU.ActiveCfg = Debug|Any CPU
		{EFA18E5F-AF57-4DAB-A304-AEB6568F4DED}.Debug|Any CPU.Build.0 = Debug|Any CPU
		{EFA18E5F-AF57-4DAB-A304-AEB6568F4DED}.Release|Any CPU.ActiveCfg = Release|Any CPU
		{EFA18E5F-AF57-4DAB-A304-AEB6568F4DED}.Release|Any CPU.Build.0 = Release|Any CPU
		{CBAF4633-8A83-4C50-BA06-617DC4CE2F1C}.Debug|Any CPU.ActiveCfg = Debug|Any CPU
		{CBAF4633-8A83-4C50-BA06-617DC4CE2F1C}.Debug|Any CPU.Build.0 = Debug|Any CPU
		{CBAF4633-8A83-4C50-BA06-617DC4CE2F1C}.Release|Any CPU.ActiveCfg = Release|Any CPU
		{CBAF4633-8A83-4C50-BA06-617DC4CE2F1C}.Release|Any CPU.Build.0 = Release|Any CPU
		{E69C153D-12EB-46EC-9FD1-F7EAA312B0E7}.Debug|Any CPU.ActiveCfg = Debug|Any CPU
		{E69C153D-12EB-46EC-9FD1-F7EAA312B0E7}.Debug|Any CPU.Build.0 = Debug|Any CPU
		{E69C153D-12EB-46EC-9FD1-F7EAA312B0E7}.Release|Any CPU.ActiveCfg = Release|Any CPU
		{E69C153D-12EB-46EC-9FD1-F7EAA312B0E7}.Release|Any CPU.Build.0 = Release|Any CPU
		{B1D993D1-D866-4B99-BC4D-FC1125804CE3}.Debug|Any CPU.ActiveCfg = Debug|Any CPU
		{B1D993D1-D866-4B99-BC4D-FC1125804CE3}.Debug|Any CPU.Build.0 = Debug|Any CPU
		{B1D993D1-D866-4B99-BC4D-FC1125804CE3}.Release|Any CPU.ActiveCfg = Release|Any CPU
		{B1D993D1-D866-4B99-BC4D-FC1125804CE3}.Release|Any CPU.Build.0 = Release|Any CPU
		{8D1214FD-BED5-48B8-B862-BADB5DB74677}.Debug|Any CPU.ActiveCfg = Debug|Any CPU
		{8D1214FD-BED5-48B8-B862-BADB5DB74677}.Debug|Any CPU.Build.0 = Debug|Any CPU
		{8D1214FD-BED5-48B8-B862-BADB5DB74677}.Release|Any CPU.ActiveCfg = Release|Any CPU
		{8D1214FD-BED5-48B8-B862-BADB5DB74677}.Release|Any CPU.Build.0 = Release|Any CPU
		{7FF1CB0B-68E2-42B3-B34A-7E996D602A0B}.Debug|Any CPU.ActiveCfg = Debug|Any CPU
		{7FF1CB0B-68E2-42B3-B34A-7E996D602A0B}.Debug|Any CPU.Build.0 = Debug|Any CPU
		{7FF1CB0B-68E2-42B3-B34A-7E996D602A0B}.Release|Any CPU.ActiveCfg = Release|Any CPU
		{7FF1CB0B-68E2-42B3-B34A-7E996D602A0B}.Release|Any CPU.Build.0 = Release|Any CPU
		{6F41E8DA-7E1D-4910-BEC6-550BD04A635D}.Debug|Any CPU.ActiveCfg = Debug|Any CPU
		{6F41E8DA-7E1D-4910-BEC6-550BD04A635D}.Debug|Any CPU.Build.0 = Debug|Any CPU
		{6F41E8DA-7E1D-4910-BEC6-550BD04A635D}.Release|Any CPU.ActiveCfg = Release|Any CPU
		{6F41E8DA-7E1D-4910-BEC6-550BD04A635D}.Release|Any CPU.Build.0 = Release|Any CPU
	EndGlobalSection
	GlobalSection(SolutionProperties) = preSolution
		HideSolutionNode = FALSE
	EndGlobalSection
	GlobalSection(NestedProjects) = preSolution
		{EFA18E5F-AF57-4DAB-A304-AEB6568F4DED} = {466E3016-C313-4441-A713-EBEC37C7D3C2}
		{CBAF4633-8A83-4C50-BA06-617DC4CE2F1C} = {466E3016-C313-4441-A713-EBEC37C7D3C2}
		{E69C153D-12EB-46EC-9FD1-F7EAA312B0E7} = {466E3016-C313-4441-A713-EBEC37C7D3C2}
		{B1D993D1-D866-4B99-BC4D-FC1125804CE3} = {466E3016-C313-4441-A713-EBEC37C7D3C2}
		{8D1214FD-BED5-48B8-B862-BADB5DB74677} = {90A4AF01-77DB-4EDA-9F51-B57FAF302902}
		{7FF1CB0B-68E2-42B3-B34A-7E996D602A0B} = {90A4AF01-77DB-4EDA-9F51-B57FAF302902}
		{6F41E8DA-7E1D-4910-BEC6-550BD04A635D} = {3EA4DFE0-B80B-4D8C-A519-3D4BF4637E36}
	EndGlobalSection
EndGlobal
