
Microsoft Visual Studio Solution File, Format Version 12.00
# Visual Studio 14
VisualStudioVersion = 14.0.24720.0
MinimumVisualStudioVersion = 10.0.40219.1
Project("{2150E333-8FDC-42A3-9474-1A3956D46DE8}") = "01. SiteNavigation", "01. SiteNavigation", "{32093097-0E7B-47A1-BF56-D9A24FE8CB95}"
EndProject
Project("{FAE04EC0-301F-11D3-BF4B-00C04F79EFBC}") = "SiteNavigation", "01. SiteNavigation\SiteNavigation\SiteNavigation.csproj", "{7B6D563E-1131-47EE-B2A7-E95815456B24}"
EndProject
Global
	GlobalSection(SolutionConfigurationPlatforms) = preSolution
		Debug|Any CPU = Debug|Any CPU
		Release|Any CPU = Release|Any CPU
	EndGlobalSection
	GlobalSection(ProjectConfigurationPlatforms) = postSolution
		{7B6D563E-1131-47EE-B2A7-E95815456B24}.Debug|Any CPU.ActiveCfg = Debug|Any CPU
		{7B6D563E-1131-47EE-B2A7-E95815456B24}.Debug|Any CPU.Build.0 = Debug|Any CPU
		{7B6D563E-1131-47EE-B2A7-E95815456B24}.Release|Any CPU.ActiveCfg = Release|Any CPU
		{7B6D563E-1131-47EE-B2A7-E95815456B24}.Release|Any CPU.Build.0 = Release|Any CPU
	EndGlobalSection
	GlobalSection(SolutionProperties) = preSolution
		HideSolutionNode = FALSE
	EndGlobalSection
	GlobalSection(NestedProjects) = preSolution
		{7B6D563E-1131-47EE-B2A7-E95815456B24} = {32093097-0E7B-47A1-BF56-D9A24FE8CB95}
	EndGlobalSection
EndGlobal
