
Microsoft Visual Studio Solution File, Format Version 12.00
# Visual Studio 2013
VisualStudioVersion = 12.0.31101.0
MinimumVisualStudioVersion = 10.0.40219.1
Project("{FAE04EC0-301F-11D3-BF4B-00C04F79EFBC}") = "01. SquareRoot", "SquareRoot\01. SquareRoot.csproj", "{0011A991-AAD2-4741-B2EC-C8C1759E4B88}"
EndProject
Project("{FAE04EC0-301F-11D3-BF4B-00C04F79EFBC}") = "02. EnterNumbers", "EnterNumbers\02. EnterNumbers.csproj", "{8F8A1904-1B0B-4378-B2E9-AB0178FBC0D3}"
EndProject
Project("{FAE04EC0-301F-11D3-BF4B-00C04F79EFBC}") = "03. ReadFileContents", "ReadFileContents\03. ReadFileContents.csproj", "{61151386-F962-433C-947B-CF4FC9FC1C2D}"
EndProject
Project("{FAE04EC0-301F-11D3-BF4B-00C04F79EFBC}") = "04. DownloadFile", "DownloadFile\04. DownloadFile.csproj", "{D6085734-9152-4C52-8A41-6FCD6E6A81E8}"
EndProject
Global
	GlobalSection(SolutionConfigurationPlatforms) = preSolution
		Debug|Any CPU = Debug|Any CPU
		Release|Any CPU = Release|Any CPU
	EndGlobalSection
	GlobalSection(ProjectConfigurationPlatforms) = postSolution
		{0011A991-AAD2-4741-B2EC-C8C1759E4B88}.Debug|Any CPU.ActiveCfg = Debug|Any CPU
		{0011A991-AAD2-4741-B2EC-C8C1759E4B88}.Debug|Any CPU.Build.0 = Debug|Any CPU
		{0011A991-AAD2-4741-B2EC-C8C1759E4B88}.Release|Any CPU.ActiveCfg = Release|Any CPU
		{0011A991-AAD2-4741-B2EC-C8C1759E4B88}.Release|Any CPU.Build.0 = Release|Any CPU
		{8F8A1904-1B0B-4378-B2E9-AB0178FBC0D3}.Debug|Any CPU.ActiveCfg = Debug|Any CPU
		{8F8A1904-1B0B-4378-B2E9-AB0178FBC0D3}.Debug|Any CPU.Build.0 = Debug|Any CPU
		{8F8A1904-1B0B-4378-B2E9-AB0178FBC0D3}.Release|Any CPU.ActiveCfg = Release|Any CPU
		{8F8A1904-1B0B-4378-B2E9-AB0178FBC0D3}.Release|Any CPU.Build.0 = Release|Any CPU
		{61151386-F962-433C-947B-CF4FC9FC1C2D}.Debug|Any CPU.ActiveCfg = Debug|Any CPU
		{61151386-F962-433C-947B-CF4FC9FC1C2D}.Debug|Any CPU.Build.0 = Debug|Any CPU
		{61151386-F962-433C-947B-CF4FC9FC1C2D}.Release|Any CPU.ActiveCfg = Release|Any CPU
		{61151386-F962-433C-947B-CF4FC9FC1C2D}.Release|Any CPU.Build.0 = Release|Any CPU
		{D6085734-9152-4C52-8A41-6FCD6E6A81E8}.Debug|Any CPU.ActiveCfg = Debug|Any CPU
		{D6085734-9152-4C52-8A41-6FCD6E6A81E8}.Debug|Any CPU.Build.0 = Debug|Any CPU
		{D6085734-9152-4C52-8A41-6FCD6E6A81E8}.Release|Any CPU.ActiveCfg = Release|Any CPU
		{D6085734-9152-4C52-8A41-6FCD6E6A81E8}.Release|Any CPU.Build.0 = Release|Any CPU
	EndGlobalSection
	GlobalSection(SolutionProperties) = preSolution
		HideSolutionNode = FALSE
	EndGlobalSection
EndGlobal
