
Microsoft Visual Studio Solution File, Format Version 12.00
# Visual Studio 14
VisualStudioVersion = 14.0.23107.0
MinimumVisualStudioVersion = 10.0.40219.1
Project("{FAE04EC0-301F-11D3-BF4B-00C04F79EFBC}") = "01. TreeOfNNodes", "01. TreeOfNNodes\01. TreeOfNNodes.csproj", "{580AF932-D089-4F61-AF0C-118C36507A33}"
EndProject
Project("{FAE04EC0-301F-11D3-BF4B-00C04F79EFBC}") = "Common", "Common\Common.csproj", "{5AC974B4-286F-4530-9D13-E5A3D2113EAA}"
EndProject
Project("{FAE04EC0-301F-11D3-BF4B-00C04F79EFBC}") = "02. TraverseDirectory", "02. TraverseDirectory\02. TraverseDirectory.csproj", "{EDCC9731-AB39-4F86-9DBD-62BDE3E7E3E2}"
EndProject
Project("{FAE04EC0-301F-11D3-BF4B-00C04F79EFBC}") = "03. FilesAndFolders", "03. FilesAndFolders\03. FilesAndFolders.csproj", "{FBA3ACC6-4D7A-4967-95E9-89D51C8DD723}"
EndProject
Global
	GlobalSection(SolutionConfigurationPlatforms) = preSolution
		Debug|Any CPU = Debug|Any CPU
		Release|Any CPU = Release|Any CPU
	EndGlobalSection
	GlobalSection(ProjectConfigurationPlatforms) = postSolution
		{580AF932-D089-4F61-AF0C-118C36507A33}.Debug|Any CPU.ActiveCfg = Debug|Any CPU
		{580AF932-D089-4F61-AF0C-118C36507A33}.Debug|Any CPU.Build.0 = Debug|Any CPU
		{580AF932-D089-4F61-AF0C-118C36507A33}.Release|Any CPU.ActiveCfg = Release|Any CPU
		{580AF932-D089-4F61-AF0C-118C36507A33}.Release|Any CPU.Build.0 = Release|Any CPU
		{5AC974B4-286F-4530-9D13-E5A3D2113EAA}.Debug|Any CPU.ActiveCfg = Debug|Any CPU
		{5AC974B4-286F-4530-9D13-E5A3D2113EAA}.Debug|Any CPU.Build.0 = Debug|Any CPU
		{5AC974B4-286F-4530-9D13-E5A3D2113EAA}.Release|Any CPU.ActiveCfg = Release|Any CPU
		{5AC974B4-286F-4530-9D13-E5A3D2113EAA}.Release|Any CPU.Build.0 = Release|Any CPU
		{EDCC9731-AB39-4F86-9DBD-62BDE3E7E3E2}.Debug|Any CPU.ActiveCfg = Debug|Any CPU
		{EDCC9731-AB39-4F86-9DBD-62BDE3E7E3E2}.Debug|Any CPU.Build.0 = Debug|Any CPU
		{EDCC9731-AB39-4F86-9DBD-62BDE3E7E3E2}.Release|Any CPU.ActiveCfg = Release|Any CPU
		{EDCC9731-AB39-4F86-9DBD-62BDE3E7E3E2}.Release|Any CPU.Build.0 = Release|Any CPU
		{FBA3ACC6-4D7A-4967-95E9-89D51C8DD723}.Debug|Any CPU.ActiveCfg = Debug|Any CPU
		{FBA3ACC6-4D7A-4967-95E9-89D51C8DD723}.Debug|Any CPU.Build.0 = Debug|Any CPU
		{FBA3ACC6-4D7A-4967-95E9-89D51C8DD723}.Release|Any CPU.ActiveCfg = Release|Any CPU
		{FBA3ACC6-4D7A-4967-95E9-89D51C8DD723}.Release|Any CPU.Build.0 = Release|Any CPU
	EndGlobalSection
	GlobalSection(SolutionProperties) = preSolution
		HideSolutionNode = FALSE
	EndGlobalSection
EndGlobal
