
Microsoft Visual Studio Solution File, Format Version 12.00
# Visual Studio 2013
VisualStudioVersion = 12.0.31101.0
MinimumVisualStudioVersion = 10.0.40219.1
Project("{FAE04EC0-301F-11D3-BF4B-00C04F79EFBC}") = "01. OddOrEvenIntegers", "OddOrEvenIntegers\01. OddOrEvenIntegers.csproj", "{799F8D37-3EF3-4B94-B368-286CD7CC03AF}"
EndProject
Project("{FAE04EC0-301F-11D3-BF4B-00C04F79EFBC}") = "02. GravitationOnTheMoon", "GravitationOnTheMoon\02. GravitationOnTheMoon.csproj", "{AD903A58-9317-4973-A0C2-542427048BCA}"
EndProject
Project("{FAE04EC0-301F-11D3-BF4B-00C04F79EFBC}") = "03. DivideBy7And5", "DivideBy7And5\03. DivideBy7And5.csproj", "{D84C3779-BA87-4A74-BFE8-BA7993CF0A2B}"
EndProject
Project("{FAE04EC0-301F-11D3-BF4B-00C04F79EFBC}") = "04. Rectangles", "Rectangles\04. Rectangles.csproj", "{ED3D7A51-16FF-481D-A1C1-F24EDB5BD835}"
EndProject
Project("{FAE04EC0-301F-11D3-BF4B-00C04F79EFBC}") = "05. ThirdDigitIs7", "ThirdDigitIs7\05. ThirdDigitIs7.csproj", "{69EACED3-DDAE-4BAD-9796-E0D14CF8ED9C}"
EndProject
Project("{FAE04EC0-301F-11D3-BF4B-00C04F79EFBC}") = "06. Four-Digit Number", "Four-Digit Number\06. Four-Digit Number.csproj", "{8DC48310-BCD7-4FBB-85C1-88B39684FAF1}"
EndProject
Project("{FAE04EC0-301F-11D3-BF4B-00C04F79EFBC}") = "07. PointInACircle", "PointInACircle\07. PointInACircle.csproj", "{E698DC20-E928-42B5-B520-ED7AB796081B}"
EndProject
Project("{FAE04EC0-301F-11D3-BF4B-00C04F79EFBC}") = "08. PrimeNumberCheck", "PrimeNumberCheck\08. PrimeNumberCheck.csproj", "{6083AFAA-59A4-44D7-BCD5-A436DC551F1D}"
EndProject
Project("{FAE04EC0-301F-11D3-BF4B-00C04F79EFBC}") = "09. Trapezoids", "Trapezoids\09. Trapezoids.csproj", "{CBAF3B85-A4BC-42BE-93E8-3A459282E689}"
EndProject
Project("{FAE04EC0-301F-11D3-BF4B-00C04F79EFBC}") = "10. PointInsideACircleAndOutsideOfARectangle", "PointInsideACircleAndOutsideOfARectangle\10. PointInsideACircleAndOutsideOfARectangle.csproj", "{EB4FD1DC-3028-408B-85B8-2BBC19F95E4D}"
EndProject
Project("{FAE04EC0-301F-11D3-BF4B-00C04F79EFBC}") = "11. BitwiseExtractBit", "BitwiseExtractBit\11. BitwiseExtractBit.csproj", "{D95F1075-DBB3-49EE-8A50-BCF7BDD11CD9}"
EndProject
Project("{FAE04EC0-301F-11D3-BF4B-00C04F79EFBC}") = "12. ExtractBitFromInteger", "ExtractBitFromInteger\12. ExtractBitFromInteger.csproj", "{9A91C824-AB4A-40BC-8FCE-5B636CBBDCD1}"
EndProject
Project("{FAE04EC0-301F-11D3-BF4B-00C04F79EFBC}") = "13. CheckABitAtGivenPosition", "CheckABitAtGivenPosition\13. CheckABitAtGivenPosition.csproj", "{19AC9850-4042-4D1F-8F0D-F8BDC3129878}"
EndProject
Project("{FAE04EC0-301F-11D3-BF4B-00C04F79EFBC}") = "14. ModifyABitAtGivenPosition", "ModifyABitAtGivenPosition\14. ModifyABitAtGivenPosition.csproj", "{25D6C264-3D5A-4F72-9A62-44590F7CD8D4}"
EndProject
Project("{FAE04EC0-301F-11D3-BF4B-00C04F79EFBC}") = "15. BitsExchange", "BitsExchange\15. BitsExchange.csproj", "{56AD3CDD-C90E-4EFE-85E2-5C4AB1E4681F}"
EndProject
Project("{FAE04EC0-301F-11D3-BF4B-00C04F79EFBC}") = "16. BitExchange_Advanced", "BitExchange_Advanced\16. BitExchange_Advanced.csproj", "{E3B4832A-BFFE-4069-985C-2CA1C98A630A}"
EndProject
Global
	GlobalSection(SolutionConfigurationPlatforms) = preSolution
		Debug|Any CPU = Debug|Any CPU
		Debug|ARM = Debug|ARM
		Debug|x64 = Debug|x64
		Debug|x86 = Debug|x86
		Release|Any CPU = Release|Any CPU
		Release|ARM = Release|ARM
		Release|x64 = Release|x64
		Release|x86 = Release|x86
	EndGlobalSection
	GlobalSection(ProjectConfigurationPlatforms) = postSolution
		{799F8D37-3EF3-4B94-B368-286CD7CC03AF}.Debug|Any CPU.ActiveCfg = Debug|Any CPU
		{799F8D37-3EF3-4B94-B368-286CD7CC03AF}.Debug|Any CPU.Build.0 = Debug|Any CPU
		{799F8D37-3EF3-4B94-B368-286CD7CC03AF}.Debug|ARM.ActiveCfg = Debug|Any CPU
		{799F8D37-3EF3-4B94-B368-286CD7CC03AF}.Debug|x64.ActiveCfg = Debug|Any CPU
		{799F8D37-3EF3-4B94-B368-286CD7CC03AF}.Debug|x86.ActiveCfg = Debug|Any CPU
		{799F8D37-3EF3-4B94-B368-286CD7CC03AF}.Release|Any CPU.ActiveCfg = Release|Any CPU
		{799F8D37-3EF3-4B94-B368-286CD7CC03AF}.Release|Any CPU.Build.0 = Release|Any CPU
		{799F8D37-3EF3-4B94-B368-286CD7CC03AF}.Release|ARM.ActiveCfg = Release|Any CPU
		{799F8D37-3EF3-4B94-B368-286CD7CC03AF}.Release|x64.ActiveCfg = Release|Any CPU
		{799F8D37-3EF3-4B94-B368-286CD7CC03AF}.Release|x86.ActiveCfg = Release|Any CPU
		{AD903A58-9317-4973-A0C2-542427048BCA}.Debug|Any CPU.ActiveCfg = Debug|Any CPU
		{AD903A58-9317-4973-A0C2-542427048BCA}.Debug|Any CPU.Build.0 = Debug|Any CPU
		{AD903A58-9317-4973-A0C2-542427048BCA}.Debug|ARM.ActiveCfg = Debug|Any CPU
		{AD903A58-9317-4973-A0C2-542427048BCA}.Debug|x64.ActiveCfg = Debug|Any CPU
		{AD903A58-9317-4973-A0C2-542427048BCA}.Debug|x86.ActiveCfg = Debug|Any CPU
		{AD903A58-9317-4973-A0C2-542427048BCA}.Release|Any CPU.ActiveCfg = Release|Any CPU
		{AD903A58-9317-4973-A0C2-542427048BCA}.Release|Any CPU.Build.0 = Release|Any CPU
		{AD903A58-9317-4973-A0C2-542427048BCA}.Release|ARM.ActiveCfg = Release|Any CPU
		{AD903A58-9317-4973-A0C2-542427048BCA}.Release|x64.ActiveCfg = Release|Any CPU
		{AD903A58-9317-4973-A0C2-542427048BCA}.Release|x86.ActiveCfg = Release|Any CPU
		{D84C3779-BA87-4A74-BFE8-BA7993CF0A2B}.Debug|Any CPU.ActiveCfg = Debug|Any CPU
		{D84C3779-BA87-4A74-BFE8-BA7993CF0A2B}.Debug|Any CPU.Build.0 = Debug|Any CPU
		{D84C3779-BA87-4A74-BFE8-BA7993CF0A2B}.Debug|ARM.ActiveCfg = Debug|Any CPU
		{D84C3779-BA87-4A74-BFE8-BA7993CF0A2B}.Debug|x64.ActiveCfg = Debug|Any CPU
		{D84C3779-BA87-4A74-BFE8-BA7993CF0A2B}.Debug|x86.ActiveCfg = Debug|Any CPU
		{D84C3779-BA87-4A74-BFE8-BA7993CF0A2B}.Release|Any CPU.ActiveCfg = Release|Any CPU
		{D84C3779-BA87-4A74-BFE8-BA7993CF0A2B}.Release|Any CPU.Build.0 = Release|Any CPU
		{D84C3779-BA87-4A74-BFE8-BA7993CF0A2B}.Release|ARM.ActiveCfg = Release|Any CPU
		{D84C3779-BA87-4A74-BFE8-BA7993CF0A2B}.Release|x64.ActiveCfg = Release|Any CPU
		{D84C3779-BA87-4A74-BFE8-BA7993CF0A2B}.Release|x86.ActiveCfg = Release|Any CPU
		{ED3D7A51-16FF-481D-A1C1-F24EDB5BD835}.Debug|Any CPU.ActiveCfg = Debug|Any CPU
		{ED3D7A51-16FF-481D-A1C1-F24EDB5BD835}.Debug|Any CPU.Build.0 = Debug|Any CPU
		{ED3D7A51-16FF-481D-A1C1-F24EDB5BD835}.Debug|ARM.ActiveCfg = Debug|Any CPU
		{ED3D7A51-16FF-481D-A1C1-F24EDB5BD835}.Debug|x64.ActiveCfg = Debug|Any CPU
		{ED3D7A51-16FF-481D-A1C1-F24EDB5BD835}.Debug|x86.ActiveCfg = Debug|Any CPU
		{ED3D7A51-16FF-481D-A1C1-F24EDB5BD835}.Release|Any CPU.ActiveCfg = Release|Any CPU
		{ED3D7A51-16FF-481D-A1C1-F24EDB5BD835}.Release|Any CPU.Build.0 = Release|Any CPU
		{ED3D7A51-16FF-481D-A1C1-F24EDB5BD835}.Release|ARM.ActiveCfg = Release|Any CPU
		{ED3D7A51-16FF-481D-A1C1-F24EDB5BD835}.Release|x64.ActiveCfg = Release|Any CPU
		{ED3D7A51-16FF-481D-A1C1-F24EDB5BD835}.Release|x86.ActiveCfg = Release|Any CPU
		{69EACED3-DDAE-4BAD-9796-E0D14CF8ED9C}.Debug|Any CPU.ActiveCfg = Debug|Any CPU
		{69EACED3-DDAE-4BAD-9796-E0D14CF8ED9C}.Debug|Any CPU.Build.0 = Debug|Any CPU
		{69EACED3-DDAE-4BAD-9796-E0D14CF8ED9C}.Debug|ARM.ActiveCfg = Debug|Any CPU
		{69EACED3-DDAE-4BAD-9796-E0D14CF8ED9C}.Debug|x64.ActiveCfg = Debug|Any CPU
		{69EACED3-DDAE-4BAD-9796-E0D14CF8ED9C}.Debug|x86.ActiveCfg = Debug|Any CPU
		{69EACED3-DDAE-4BAD-9796-E0D14CF8ED9C}.Release|Any CPU.ActiveCfg = Release|Any CPU
		{69EACED3-DDAE-4BAD-9796-E0D14CF8ED9C}.Release|Any CPU.Build.0 = Release|Any CPU
		{69EACED3-DDAE-4BAD-9796-E0D14CF8ED9C}.Release|ARM.ActiveCfg = Release|Any CPU
		{69EACED3-DDAE-4BAD-9796-E0D14CF8ED9C}.Release|x64.ActiveCfg = Release|Any CPU
		{69EACED3-DDAE-4BAD-9796-E0D14CF8ED9C}.Release|x86.ActiveCfg = Release|Any CPU
		{8DC48310-BCD7-4FBB-85C1-88B39684FAF1}.Debug|Any CPU.ActiveCfg = Debug|Any CPU
		{8DC48310-BCD7-4FBB-85C1-88B39684FAF1}.Debug|Any CPU.Build.0 = Debug|Any CPU
		{8DC48310-BCD7-4FBB-85C1-88B39684FAF1}.Debug|ARM.ActiveCfg = Debug|Any CPU
		{8DC48310-BCD7-4FBB-85C1-88B39684FAF1}.Debug|x64.ActiveCfg = Debug|Any CPU
		{8DC48310-BCD7-4FBB-85C1-88B39684FAF1}.Debug|x86.ActiveCfg = Debug|Any CPU
		{8DC48310-BCD7-4FBB-85C1-88B39684FAF1}.Release|Any CPU.ActiveCfg = Release|Any CPU
		{8DC48310-BCD7-4FBB-85C1-88B39684FAF1}.Release|Any CPU.Build.0 = Release|Any CPU
		{8DC48310-BCD7-4FBB-85C1-88B39684FAF1}.Release|ARM.ActiveCfg = Release|Any CPU
		{8DC48310-BCD7-4FBB-85C1-88B39684FAF1}.Release|x64.ActiveCfg = Release|Any CPU
		{8DC48310-BCD7-4FBB-85C1-88B39684FAF1}.Release|x86.ActiveCfg = Release|Any CPU
		{E698DC20-E928-42B5-B520-ED7AB796081B}.Debug|Any CPU.ActiveCfg = Debug|Any CPU
		{E698DC20-E928-42B5-B520-ED7AB796081B}.Debug|Any CPU.Build.0 = Debug|Any CPU
		{E698DC20-E928-42B5-B520-ED7AB796081B}.Debug|ARM.ActiveCfg = Debug|Any CPU
		{E698DC20-E928-42B5-B520-ED7AB796081B}.Debug|x64.ActiveCfg = Debug|Any CPU
		{E698DC20-E928-42B5-B520-ED7AB796081B}.Debug|x86.ActiveCfg = Debug|Any CPU
		{E698DC20-E928-42B5-B520-ED7AB796081B}.Release|Any CPU.ActiveCfg = Release|Any CPU
		{E698DC20-E928-42B5-B520-ED7AB796081B}.Release|Any CPU.Build.0 = Release|Any CPU
		{E698DC20-E928-42B5-B520-ED7AB796081B}.Release|ARM.ActiveCfg = Release|Any CPU
		{E698DC20-E928-42B5-B520-ED7AB796081B}.Release|x64.ActiveCfg = Release|Any CPU
		{E698DC20-E928-42B5-B520-ED7AB796081B}.Release|x86.ActiveCfg = Release|Any CPU
		{6083AFAA-59A4-44D7-BCD5-A436DC551F1D}.Debug|Any CPU.ActiveCfg = Debug|Any CPU
		{6083AFAA-59A4-44D7-BCD5-A436DC551F1D}.Debug|Any CPU.Build.0 = Debug|Any CPU
		{6083AFAA-59A4-44D7-BCD5-A436DC551F1D}.Debug|ARM.ActiveCfg = Debug|Any CPU
		{6083AFAA-59A4-44D7-BCD5-A436DC551F1D}.Debug|x64.ActiveCfg = Debug|Any CPU
		{6083AFAA-59A4-44D7-BCD5-A436DC551F1D}.Debug|x86.ActiveCfg = Debug|Any CPU
		{6083AFAA-59A4-44D7-BCD5-A436DC551F1D}.Release|Any CPU.ActiveCfg = Release|Any CPU
		{6083AFAA-59A4-44D7-BCD5-A436DC551F1D}.Release|Any CPU.Build.0 = Release|Any CPU
		{6083AFAA-59A4-44D7-BCD5-A436DC551F1D}.Release|ARM.ActiveCfg = Release|Any CPU
		{6083AFAA-59A4-44D7-BCD5-A436DC551F1D}.Release|x64.ActiveCfg = Release|Any CPU
		{6083AFAA-59A4-44D7-BCD5-A436DC551F1D}.Release|x86.ActiveCfg = Release|Any CPU
		{CBAF3B85-A4BC-42BE-93E8-3A459282E689}.Debug|Any CPU.ActiveCfg = Debug|Any CPU
		{CBAF3B85-A4BC-42BE-93E8-3A459282E689}.Debug|Any CPU.Build.0 = Debug|Any CPU
		{CBAF3B85-A4BC-42BE-93E8-3A459282E689}.Debug|ARM.ActiveCfg = Debug|Any CPU
		{CBAF3B85-A4BC-42BE-93E8-3A459282E689}.Debug|x64.ActiveCfg = Debug|Any CPU
		{CBAF3B85-A4BC-42BE-93E8-3A459282E689}.Debug|x86.ActiveCfg = Debug|Any CPU
		{CBAF3B85-A4BC-42BE-93E8-3A459282E689}.Release|Any CPU.ActiveCfg = Release|Any CPU
		{CBAF3B85-A4BC-42BE-93E8-3A459282E689}.Release|Any CPU.Build.0 = Release|Any CPU
		{CBAF3B85-A4BC-42BE-93E8-3A459282E689}.Release|ARM.ActiveCfg = Release|Any CPU
		{CBAF3B85-A4BC-42BE-93E8-3A459282E689}.Release|x64.ActiveCfg = Release|Any CPU
		{CBAF3B85-A4BC-42BE-93E8-3A459282E689}.Release|x86.ActiveCfg = Release|Any CPU
		{EB4FD1DC-3028-408B-85B8-2BBC19F95E4D}.Debug|Any CPU.ActiveCfg = Debug|Any CPU
		{EB4FD1DC-3028-408B-85B8-2BBC19F95E4D}.Debug|Any CPU.Build.0 = Debug|Any CPU
		{EB4FD1DC-3028-408B-85B8-2BBC19F95E4D}.Debug|ARM.ActiveCfg = Debug|Any CPU
		{EB4FD1DC-3028-408B-85B8-2BBC19F95E4D}.Debug|x64.ActiveCfg = Debug|Any CPU
		{EB4FD1DC-3028-408B-85B8-2BBC19F95E4D}.Debug|x86.ActiveCfg = Debug|Any CPU
		{EB4FD1DC-3028-408B-85B8-2BBC19F95E4D}.Release|Any CPU.ActiveCfg = Release|Any CPU
		{EB4FD1DC-3028-408B-85B8-2BBC19F95E4D}.Release|Any CPU.Build.0 = Release|Any CPU
		{EB4FD1DC-3028-408B-85B8-2BBC19F95E4D}.Release|ARM.ActiveCfg = Release|Any CPU
		{EB4FD1DC-3028-408B-85B8-2BBC19F95E4D}.Release|x64.ActiveCfg = Release|Any CPU
		{EB4FD1DC-3028-408B-85B8-2BBC19F95E4D}.Release|x86.ActiveCfg = Release|Any CPU
		{D95F1075-DBB3-49EE-8A50-BCF7BDD11CD9}.Debug|Any CPU.ActiveCfg = Debug|Any CPU
		{D95F1075-DBB3-49EE-8A50-BCF7BDD11CD9}.Debug|Any CPU.Build.0 = Debug|Any CPU
		{D95F1075-DBB3-49EE-8A50-BCF7BDD11CD9}.Debug|ARM.ActiveCfg = Debug|Any CPU
		{D95F1075-DBB3-49EE-8A50-BCF7BDD11CD9}.Debug|x64.ActiveCfg = Debug|Any CPU
		{D95F1075-DBB3-49EE-8A50-BCF7BDD11CD9}.Debug|x86.ActiveCfg = Debug|Any CPU
		{D95F1075-DBB3-49EE-8A50-BCF7BDD11CD9}.Release|Any CPU.ActiveCfg = Release|Any CPU
		{D95F1075-DBB3-49EE-8A50-BCF7BDD11CD9}.Release|Any CPU.Build.0 = Release|Any CPU
		{D95F1075-DBB3-49EE-8A50-BCF7BDD11CD9}.Release|ARM.ActiveCfg = Release|Any CPU
		{D95F1075-DBB3-49EE-8A50-BCF7BDD11CD9}.Release|x64.ActiveCfg = Release|Any CPU
		{D95F1075-DBB3-49EE-8A50-BCF7BDD11CD9}.Release|x86.ActiveCfg = Release|Any CPU
		{9A91C824-AB4A-40BC-8FCE-5B636CBBDCD1}.Debug|Any CPU.ActiveCfg = Debug|Any CPU
		{9A91C824-AB4A-40BC-8FCE-5B636CBBDCD1}.Debug|Any CPU.Build.0 = Debug|Any CPU
		{9A91C824-AB4A-40BC-8FCE-5B636CBBDCD1}.Debug|ARM.ActiveCfg = Debug|Any CPU
		{9A91C824-AB4A-40BC-8FCE-5B636CBBDCD1}.Debug|x64.ActiveCfg = Debug|Any CPU
		{9A91C824-AB4A-40BC-8FCE-5B636CBBDCD1}.Debug|x86.ActiveCfg = Debug|Any CPU
		{9A91C824-AB4A-40BC-8FCE-5B636CBBDCD1}.Release|Any CPU.ActiveCfg = Release|Any CPU
		{9A91C824-AB4A-40BC-8FCE-5B636CBBDCD1}.Release|Any CPU.Build.0 = Release|Any CPU
		{9A91C824-AB4A-40BC-8FCE-5B636CBBDCD1}.Release|ARM.ActiveCfg = Release|Any CPU
		{9A91C824-AB4A-40BC-8FCE-5B636CBBDCD1}.Release|x64.ActiveCfg = Release|Any CPU
		{9A91C824-AB4A-40BC-8FCE-5B636CBBDCD1}.Release|x86.ActiveCfg = Release|Any CPU
		{19AC9850-4042-4D1F-8F0D-F8BDC3129878}.Debug|Any CPU.ActiveCfg = Debug|Any CPU
		{19AC9850-4042-4D1F-8F0D-F8BDC3129878}.Debug|Any CPU.Build.0 = Debug|Any CPU
		{19AC9850-4042-4D1F-8F0D-F8BDC3129878}.Debug|ARM.ActiveCfg = Debug|Any CPU
		{19AC9850-4042-4D1F-8F0D-F8BDC3129878}.Debug|x64.ActiveCfg = Debug|Any CPU
		{19AC9850-4042-4D1F-8F0D-F8BDC3129878}.Debug|x86.ActiveCfg = Debug|Any CPU
		{19AC9850-4042-4D1F-8F0D-F8BDC3129878}.Release|Any CPU.ActiveCfg = Release|Any CPU
		{19AC9850-4042-4D1F-8F0D-F8BDC3129878}.Release|Any CPU.Build.0 = Release|Any CPU
		{19AC9850-4042-4D1F-8F0D-F8BDC3129878}.Release|ARM.ActiveCfg = Release|Any CPU
		{19AC9850-4042-4D1F-8F0D-F8BDC3129878}.Release|x64.ActiveCfg = Release|Any CPU
		{19AC9850-4042-4D1F-8F0D-F8BDC3129878}.Release|x86.ActiveCfg = Release|Any CPU
		{25D6C264-3D5A-4F72-9A62-44590F7CD8D4}.Debug|Any CPU.ActiveCfg = Debug|Any CPU
		{25D6C264-3D5A-4F72-9A62-44590F7CD8D4}.Debug|Any CPU.Build.0 = Debug|Any CPU
		{25D6C264-3D5A-4F72-9A62-44590F7CD8D4}.Debug|ARM.ActiveCfg = Debug|Any CPU
		{25D6C264-3D5A-4F72-9A62-44590F7CD8D4}.Debug|x64.ActiveCfg = Debug|Any CPU
		{25D6C264-3D5A-4F72-9A62-44590F7CD8D4}.Debug|x86.ActiveCfg = Debug|Any CPU
		{25D6C264-3D5A-4F72-9A62-44590F7CD8D4}.Release|Any CPU.ActiveCfg = Release|Any CPU
		{25D6C264-3D5A-4F72-9A62-44590F7CD8D4}.Release|Any CPU.Build.0 = Release|Any CPU
		{25D6C264-3D5A-4F72-9A62-44590F7CD8D4}.Release|ARM.ActiveCfg = Release|Any CPU
		{25D6C264-3D5A-4F72-9A62-44590F7CD8D4}.Release|x64.ActiveCfg = Release|Any CPU
		{25D6C264-3D5A-4F72-9A62-44590F7CD8D4}.Release|x86.ActiveCfg = Release|Any CPU
		{56AD3CDD-C90E-4EFE-85E2-5C4AB1E4681F}.Debug|Any CPU.ActiveCfg = Debug|Any CPU
		{56AD3CDD-C90E-4EFE-85E2-5C4AB1E4681F}.Debug|Any CPU.Build.0 = Debug|Any CPU
		{56AD3CDD-C90E-4EFE-85E2-5C4AB1E4681F}.Debug|ARM.ActiveCfg = Debug|Any CPU
		{56AD3CDD-C90E-4EFE-85E2-5C4AB1E4681F}.Debug|x64.ActiveCfg = Debug|Any CPU
		{56AD3CDD-C90E-4EFE-85E2-5C4AB1E4681F}.Debug|x86.ActiveCfg = Debug|Any CPU
		{56AD3CDD-C90E-4EFE-85E2-5C4AB1E4681F}.Release|Any CPU.ActiveCfg = Release|Any CPU
		{56AD3CDD-C90E-4EFE-85E2-5C4AB1E4681F}.Release|Any CPU.Build.0 = Release|Any CPU
		{56AD3CDD-C90E-4EFE-85E2-5C4AB1E4681F}.Release|ARM.ActiveCfg = Release|Any CPU
		{56AD3CDD-C90E-4EFE-85E2-5C4AB1E4681F}.Release|x64.ActiveCfg = Release|Any CPU
		{56AD3CDD-C90E-4EFE-85E2-5C4AB1E4681F}.Release|x86.ActiveCfg = Release|Any CPU
		{E3B4832A-BFFE-4069-985C-2CA1C98A630A}.Debug|Any CPU.ActiveCfg = Debug|Any CPU
		{E3B4832A-BFFE-4069-985C-2CA1C98A630A}.Debug|Any CPU.Build.0 = Debug|Any CPU
		{E3B4832A-BFFE-4069-985C-2CA1C98A630A}.Debug|ARM.ActiveCfg = Debug|Any CPU
		{E3B4832A-BFFE-4069-985C-2CA1C98A630A}.Debug|x64.ActiveCfg = Debug|Any CPU
		{E3B4832A-BFFE-4069-985C-2CA1C98A630A}.Debug|x86.ActiveCfg = Debug|Any CPU
		{E3B4832A-BFFE-4069-985C-2CA1C98A630A}.Release|Any CPU.ActiveCfg = Release|Any CPU
		{E3B4832A-BFFE-4069-985C-2CA1C98A630A}.Release|Any CPU.Build.0 = Release|Any CPU
		{E3B4832A-BFFE-4069-985C-2CA1C98A630A}.Release|ARM.ActiveCfg = Release|Any CPU
		{E3B4832A-BFFE-4069-985C-2CA1C98A630A}.Release|x64.ActiveCfg = Release|Any CPU
		{E3B4832A-BFFE-4069-985C-2CA1C98A630A}.Release|x86.ActiveCfg = Release|Any CPU
	EndGlobalSection
	GlobalSection(SolutionProperties) = preSolution
		HideSolutionNode = FALSE
	EndGlobalSection
EndGlobal
