
Microsoft Visual Studio Solution File, Format Version 12.00
# Visual Studio 14
VisualStudioVersion = 14.0.23107.0
MinimumVisualStudioVersion = 10.0.40219.1
Project("{FAE04EC0-301F-11D3-BF4B-00C04F79EFBC}") = "FriendsOfPesho", "FriendsOfPesho\FriendsOfPesho.csproj", "{5E204AB8-4178-455D-B5AF-29EBE03686E0}"
EndProject
Project("{FAE04EC0-301F-11D3-BF4B-00C04F79EFBC}") = "Salaries", "Salaries\Salaries.csproj", "{FBA2C00A-6DBA-4B33-B80F-0150DC825D6D}"
EndProject
Project("{FAE04EC0-301F-11D3-BF4B-00C04F79EFBC}") = "MinimizeCablesCost", "MinimizeCablesCost\MinimizeCablesCost.csproj", "{8603876F-AC7B-40C6-9DD4-ACA71ED2DEA0}"
EndProject
Global
	GlobalSection(SolutionConfigurationPlatforms) = preSolution
		Debug|Any CPU = Debug|Any CPU
		Release|Any CPU = Release|Any CPU
	EndGlobalSection
	GlobalSection(ProjectConfigurationPlatforms) = postSolution
		{5E204AB8-4178-455D-B5AF-29EBE03686E0}.Debug|Any CPU.ActiveCfg = Debug|Any CPU
		{5E204AB8-4178-455D-B5AF-29EBE03686E0}.Debug|Any CPU.Build.0 = Debug|Any CPU
		{5E204AB8-4178-455D-B5AF-29EBE03686E0}.Release|Any CPU.ActiveCfg = Release|Any CPU
		{5E204AB8-4178-455D-B5AF-29EBE03686E0}.Release|Any CPU.Build.0 = Release|Any CPU
		{FBA2C00A-6DBA-4B33-B80F-0150DC825D6D}.Debug|Any CPU.ActiveCfg = Debug|Any CPU
		{FBA2C00A-6DBA-4B33-B80F-0150DC825D6D}.Debug|Any CPU.Build.0 = Debug|Any CPU
		{FBA2C00A-6DBA-4B33-B80F-0150DC825D6D}.Release|Any CPU.ActiveCfg = Release|Any CPU
		{FBA2C00A-6DBA-4B33-B80F-0150DC825D6D}.Release|Any CPU.Build.0 = Release|Any CPU
		{8603876F-AC7B-40C6-9DD4-ACA71ED2DEA0}.Debug|Any CPU.ActiveCfg = Debug|Any CPU
		{8603876F-AC7B-40C6-9DD4-ACA71ED2DEA0}.Debug|Any CPU.Build.0 = Debug|Any CPU
		{8603876F-AC7B-40C6-9DD4-ACA71ED2DEA0}.Release|Any CPU.ActiveCfg = Release|Any CPU
		{8603876F-AC7B-40C6-9DD4-ACA71ED2DEA0}.Release|Any CPU.Build.0 = Release|Any CPU
	EndGlobalSection
	GlobalSection(SolutionProperties) = preSolution
		HideSolutionNode = FALSE
	EndGlobalSection
EndGlobal
